// !$*UTF8*$!
{
	archiveVersion = 1;
	classes = {
	};
	objectVersion = 51;
	objects = {

/* Begin PBXBuildFile section */
		557238F5232E5319006BAD11 /* LineModel.swift in Sources */ = {isa = PBXBuildFile; fileRef = 557238F4232E5319006BAD11 /* LineModel.swift */; };
		557F6178232CF8C400B5ED8C /* AppDelegate.swift in Sources */ = {isa = PBXBuildFile; fileRef = 557F6177232CF8C400B5ED8C /* AppDelegate.swift */; };
		557F617A232CF8C400B5ED8C /* ViewController.swift in Sources */ = {isa = PBXBuildFile; fileRef = 557F6179232CF8C400B5ED8C /* ViewController.swift */; };
		557F617D232CF8C400B5ED8C /* Main.storyboard in Resources */ = {isa = PBXBuildFile; fileRef = 557F617B232CF8C400B5ED8C /* Main.storyboard */; };
		557F617F232CF8C600B5ED8C /* Assets.xcassets in Resources */ = {isa = PBXBuildFile; fileRef = 557F617E232CF8C600B5ED8C /* Assets.xcassets */; };
		557F6199232CF9AF00B5ED8C /* ViewController+DataBaseProtocol.swift in Sources */ = {isa = PBXBuildFile; fileRef = 557F6198232CF9AF00B5ED8C /* ViewController+DataBaseProtocol.swift */; };
		557F619C232CF9F300B5ED8C /* Launch Screen.storyboard in Resources */ = {isa = PBXBuildFile; fileRef = 557F619A232CF9F300B5ED8C /* Launch Screen.storyboard */; };
		557F619D232CFB8C00B5ED8C /* CanvasView.swift in Sources */ = {isa = PBXBuildFile; fileRef = 557F6197232CF9A500B5ED8C /* CanvasView.swift */; };
		55945F28232D1DC300280E3B /* UserController.swift in Sources */ = {isa = PBXBuildFile; fileRef = 55945F27232D1DC300280E3B /* UserController.swift */; };
		55945F2A232D1EFC00280E3B /* Constant.swift in Sources */ = {isa = PBXBuildFile; fileRef = 55945F29232D1EFC00280E3B /* Constant.swift */; };
		55945F2C232D1F4B00280E3B /* Enums.swift in Sources */ = {isa = PBXBuildFile; fileRef = 55945F2B232D1F4B00280E3B /* Enums.swift */; };
		55945F2E232D26DD00280E3B /* ViewController+SBProtocol.swift in Sources */ = {isa = PBXBuildFile; fileRef = 55945F2D232D26DD00280E3B /* ViewController+SBProtocol.swift */; };
		CBB4338224D185F4137884DA /* Pods_DrawLine.framework in Frameworks */ = {isa = PBXBuildFile; fileRef = 39642AA6CFCDFB138ED45506 /* Pods_DrawLine.framework */; };
/* End PBXBuildFile section */

/* Begin PBXFileReference section */
		39642AA6CFCDFB138ED45506 /* Pods_DrawLine.framework */ = {isa = PBXFileReference; explicitFileType = wrapper.framework; includeInIndex = 0; path = Pods_DrawLine.framework; sourceTree = BUILT_PRODUCTS_DIR; };
		557238F4232E5319006BAD11 /* LineModel.swift */ = {isa = PBXFileReference; lastKnownFileType = sourcecode.swift; path = LineModel.swift; sourceTree = "<group>"; };
		557F6174232CF8C400B5ED8C /* DrawLine.app */ = {isa = PBXFileReference; explicitFileType = wrapper.application; includeInIndex = 0; path = DrawLine.app; sourceTree = BUILT_PRODUCTS_DIR; };
		557F6177232CF8C400B5ED8C /* AppDelegate.swift */ = {isa = PBXFileReference; lastKnownFileType = sourcecode.swift; path = AppDelegate.swift; sourceTree = "<group>"; };
		557F6179232CF8C400B5ED8C /* ViewController.swift */ = {isa = PBXFileReference; lastKnownFileType = sourcecode.swift; path = ViewController.swift; sourceTree = "<group>"; };
		557F617C232CF8C400B5ED8C /* Base */ = {isa = PBXFileReference; lastKnownFileType = file.storyboard; name = Base; path = Base.lproj/Main.storyboard; sourceTree = "<group>"; };
		557F617E232CF8C600B5ED8C /* Assets.xcassets */ = {isa = PBXFileReference; lastKnownFileType = folder.assetcatalog; path = Assets.xcassets; sourceTree = "<group>"; };
		557F6183232CF8C600B5ED8C /* Info.plist */ = {isa = PBXFileReference; lastKnownFileType = text.plist.xml; path = Info.plist; sourceTree = "<group>"; };
		557F6197232CF9A500B5ED8C /* CanvasView.swift */ = {isa = PBXFileReference; lastKnownFileType = sourcecode.swift; path = CanvasView.swift; sourceTree = "<group>"; };
		557F6198232CF9AF00B5ED8C /* ViewController+DataBaseProtocol.swift */ = {isa = PBXFileReference; fileEncoding = 4; lastKnownFileType = sourcecode.swift; path = "ViewController+DataBaseProtocol.swift"; sourceTree = "<group>"; };
		557F619B232CF9F300B5ED8C /* Base */ = {isa = PBXFileReference; lastKnownFileType = file.storyboard; name = Base; path = "Base.lproj/Launch Screen.storyboard"; sourceTree = "<group>"; };
		55945F27232D1DC300280E3B /* UserController.swift */ = {isa = PBXFileReference; lastKnownFileType = sourcecode.swift; path = UserController.swift; sourceTree = "<group>"; };
		55945F29232D1EFC00280E3B /* Constant.swift */ = {isa = PBXFileReference; lastKnownFileType = sourcecode.swift; path = Constant.swift; sourceTree = "<group>"; };
		55945F2B232D1F4B00280E3B /* Enums.swift */ = {isa = PBXFileReference; lastKnownFileType = sourcecode.swift; path = Enums.swift; sourceTree = "<group>"; };
		55945F2D232D26DD00280E3B /* ViewController+SBProtocol.swift */ = {isa = PBXFileReference; lastKnownFileType = sourcecode.swift; path = "ViewController+SBProtocol.swift"; sourceTree = "<group>"; };
		B988D51A33153514430EC86C /* Pods-DrawLine.release.xcconfig */ = {isa = PBXFileReference; includeInIndex = 1; lastKnownFileType = text.xcconfig; name = "Pods-DrawLine.release.xcconfig"; path = "Target Support Files/Pods-DrawLine/Pods-DrawLine.release.xcconfig"; sourceTree = "<group>"; };
		F0AE37F11536D8E78B654D30 /* Pods-DrawLine.debug.xcconfig */ = {isa = PBXFileReference; includeInIndex = 1; lastKnownFileType = text.xcconfig; name = "Pods-DrawLine.debug.xcconfig"; path = "Target Support Files/Pods-DrawLine/Pods-DrawLine.debug.xcconfig"; sourceTree = "<group>"; };
/* End PBXFileReference section */

/* Begin PBXFrameworksBuildPhase section */
		557F6171232CF8C400B5ED8C /* Frameworks */ = {
			isa = PBXFrameworksBuildPhase;
			buildActionMask = 2147483647;
			files = (
				CBB4338224D185F4137884DA /* Pods_DrawLine.framework in Frameworks */,
			);
			runOnlyForDeploymentPostprocessing = 0;
		};
/* End PBXFrameworksBuildPhase section */

/* Begin PBXGroup section */
		00E66FB1AEB522409872BF93 /* Frameworks */ = {
			isa = PBXGroup;
			children = (
				39642AA6CFCDFB138ED45506 /* Pods_DrawLine.framework */,
			);
			name = Frameworks;
			sourceTree = "<group>";
		};
		22F0FD69C2E3A0DB5391D11F /* Pods */ = {
			isa = PBXGroup;
			children = (
				F0AE37F11536D8E78B654D30 /* Pods-DrawLine.debug.xcconfig */,
				B988D51A33153514430EC86C /* Pods-DrawLine.release.xcconfig */,
			);
			path = Pods;
			sourceTree = "<group>";
		};
		557238F3232E530E006BAD11 /* Model */ = {
			isa = PBXGroup;
			children = (
				557238F4232E5319006BAD11 /* LineModel.swift */,
			);
			path = Model;
			sourceTree = "<group>";
		};
		557F616B232CF8C400B5ED8C = {
			isa = PBXGroup;
			children = (
				557F6176232CF8C400B5ED8C /* DrawLine */,
				557F6175232CF8C400B5ED8C /* Products */,
				22F0FD69C2E3A0DB5391D11F /* Pods */,
				00E66FB1AEB522409872BF93 /* Frameworks */,
			);
			sourceTree = "<group>";
		};
		557F6175232CF8C400B5ED8C /* Products */ = {
			isa = PBXGroup;
			children = (
				557F6174232CF8C400B5ED8C /* DrawLine.app */,
			);
			name = Products;
			sourceTree = "<group>";
		};
		557F6176232CF8C400B5ED8C /* DrawLine */ = {
			isa = PBXGroup;
			children = (
				557F6189232CF91700B5ED8C /* Assets */,
				557F618A232CF92500B5ED8C /* Controllers */,
				557F618B232CF94A00B5ED8C /* Helper */,
				557F6183232CF8C600B5ED8C /* Info.plist */,
			);
			path = DrawLine;
			sourceTree = "<group>";
		};
		557F6189232CF91700B5ED8C /* Assets */ = {
			isa = PBXGroup;
			children = (
				557F6177232CF8C400B5ED8C /* AppDelegate.swift */,
				557F617E232CF8C600B5ED8C /* Assets.xcassets */,
				557F617B232CF8C400B5ED8C /* Main.storyboard */,
				557F619A232CF9F300B5ED8C /* Launch Screen.storyboard */,
			);
			path = Assets;
			sourceTree = "<group>";
		};
		557F618A232CF92500B5ED8C /* Controllers */ = {
			isa = PBXGroup;
			children = (
				55945F26232D1DA200280E3B /* UserController */,
				557F6193232CF98300B5ED8C /* ViewController */,
			);
			path = Controllers;
			sourceTree = "<group>";
		};
		557F618B232CF94A00B5ED8C /* Helper */ = {
			isa = PBXGroup;
			children = (
				55945F2B232D1F4B00280E3B /* Enums.swift */,
				55945F29232D1EFC00280E3B /* Constant.swift */,
				557F618C232CF95300B5ED8C /* Firebase */,
			);
			path = Helper;
			sourceTree = "<group>";
		};
		557F618C232CF95300B5ED8C /* Firebase */ = {
			isa = PBXGroup;
			children = (
			);
			path = Firebase;
			sourceTree = "<group>";
		};
		557F6193232CF98300B5ED8C /* ViewController */ = {
			isa = PBXGroup;
			children = (
				557F6179232CF8C400B5ED8C /* ViewController.swift */,
				557F6194232CF98C00B5ED8C /* View */,
				557238F3232E530E006BAD11 /* Model */,
				557F6195232CF99100B5ED8C /* Extension */,
			);
			path = ViewController;
			sourceTree = "<group>";
		};
		557F6194232CF98C00B5ED8C /* View */ = {
			isa = PBXGroup;
			children = (
				557F6197232CF9A500B5ED8C /* CanvasView.swift */,
			);
			path = View;
			sourceTree = "<group>";
		};
		557F6195232CF99100B5ED8C /* Extension */ = {
			isa = PBXGroup;
			children = (
				557F6198232CF9AF00B5ED8C /* ViewController+DataBaseProtocol.swift */,
				55945F2D232D26DD00280E3B /* ViewController+SBProtocol.swift */,
			);
			path = Extension;
			sourceTree = "<group>";
		};
		55945F26232D1DA200280E3B /* UserController */ = {
			isa = PBXGroup;
			children = (
				55945F27232D1DC300280E3B /* UserController.swift */,
			);
			path = UserController;
			sourceTree = "<group>";
		};
/* End PBXGroup section */

/* Begin PBXNativeTarget section */
		557F6173232CF8C400B5ED8C /* DrawLine */ = {
			isa = PBXNativeTarget;
			buildConfigurationList = 557F6186232CF8C600B5ED8C /* Build configuration list for PBXNativeTarget "DrawLine" */;
			buildPhases = (
				09CDB7818D8E6C4C98407548 /* [CP] Check Pods Manifest.lock */,
				557F6170232CF8C400B5ED8C /* Sources */,
				557F6171232CF8C400B5ED8C /* Frameworks */,
				557F6172232CF8C400B5ED8C /* Resources */,
			);
			buildRules = (
			);
			dependencies = (
			);
			name = DrawLine;
			productName = DrawLine;
			productReference = 557F6174232CF8C400B5ED8C /* DrawLine.app */;
			productType = "com.apple.product-type.application";
		};
/* End PBXNativeTarget section */

/* Begin PBXProject section */
		557F616C232CF8C400B5ED8C /* Project object */ = {
			isa = PBXProject;
			attributes = {
				LastSwiftUpdateCheck = 1030;
				LastUpgradeCheck = 1030;
				ORGANIZATIONNAME = "Shashikant Bhadke";
				TargetAttributes = {
					557F6173232CF8C400B5ED8C = {
						CreatedOnToolsVersion = 10.3;
					};
				};
			};
			buildConfigurationList = 557F616F232CF8C400B5ED8C /* Build configuration list for PBXProject "DrawLine" */;
			compatibilityVersion = "Xcode 9.3";
			developmentRegion = en;
			hasScannedForEncodings = 0;
			knownRegions = (
				en,
				Base,
			);
			mainGroup = 557F616B232CF8C400B5ED8C;
			productRefGroup = 557F6175232CF8C400B5ED8C /* Products */;
			projectDirPath = "";
			projectRoot = "";
			targets = (
				557F6173232CF8C400B5ED8C /* DrawLine */,
			);
		};
/* End PBXProject section */

/* Begin PBXResourcesBuildPhase section */
		557F6172232CF8C400B5ED8C /* Resources */ = {
			isa = PBXResourcesBuildPhase;
			buildActionMask = 2147483647;
			files = (
				557F617F232CF8C600B5ED8C /* Assets.xcassets in Resources */,
				557F617D232CF8C400B5ED8C /* Main.storyboard in Resources */,
				557F619C232CF9F300B5ED8C /* Launch Screen.storyboard in Resources */,
			);
			runOnlyForDeploymentPostprocessing = 0;
		};
/* End PBXResourcesBuildPhase section */

/* Begin PBXShellScriptBuildPhase section */
		09CDB7818D8E6C4C98407548 /* [CP] Check Pods Manifest.lock */ = {
			isa = PBXShellScriptBuildPhase;
			buildActionMask = 2147483647;
			files = (
			);
			inputFileListPaths = (
			);
			inputPaths = (
				"${PODS_PODFILE_DIR_PATH}/Podfile.lock",
				"${PODS_ROOT}/Manifest.lock",
			);
			name = "[CP] Check Pods Manifest.lock";
			outputFileListPaths = (
			);
			outputPaths = (
				"$(DERIVED_FILE_DIR)/Pods-DrawLine-checkManifestLockResult.txt",
			);
			runOnlyForDeploymentPostprocessing = 0;
			shellPath = /bin/sh;
			shellScript = "diff \"${PODS_PODFILE_DIR_PATH}/Podfile.lock\" \"${PODS_ROOT}/Manifest.lock\" > /dev/null\nif [ $? != 0 ] ; then\n    # print error to STDERR\n    echo \"error: The sandbox is not in sync with the Podfile.lock. Run 'pod install' or update your CocoaPods installation.\" >&2\n    exit 1\nfi\n# This output is used by Xcode 'outputs' to avoid re-running this script phase.\necho \"SUCCESS\" > \"${SCRIPT_OUTPUT_FILE_0}\"\n";
			showEnvVarsInLog = 0;
		};
/* End PBXShellScriptBuildPhase section */

/* Begin PBXSourcesBuildPhase section */
		557F6170232CF8C400B5ED8C /* Sources */ = {
			isa = PBXSourcesBuildPhase;
			buildActionMask = 2147483647;
			files = (
				557F6199232CF9AF00B5ED8C /* ViewController+DataBaseProtocol.swift in Sources */,
				557F619D232CFB8C00B5ED8C /* CanvasView.swift in Sources */,
				557238F5232E5319006BAD11 /* LineModel.swift in Sources */,
				55945F28232D1DC300280E3B /* UserController.swift in Sources */,
				55945F2E232D26DD00280E3B /* ViewController+SBProtocol.swift in Sources */,
				557F617A232CF8C400B5ED8C /* ViewController.swift in Sources */,
				55945F2C232D1F4B00280E3B /* Enums.swift in Sources */,
				557F6178232CF8C400B5ED8C /* AppDelegate.swift in Sources */,
				55945F2A232D1EFC00280E3B /* Constant.swift in Sources */,
			);
			runOnlyForDeploymentPostprocessing = 0;
		};
/* End PBXSourcesBuildPhase section */

/* Begin PBXVariantGroup section */
		557F617B232CF8C400B5ED8C /* Main.storyboard */ = {
			isa = PBXVariantGroup;
			children = (
				557F617C232CF8C400B5ED8C /* Base */,
			);
			name = Main.storyboard;
			sourceTree = "<group>";
		};
		557F619A232CF9F300B5ED8C /* Launch Screen.storyboard */ = {
			isa = PBXVariantGroup;
			children = (
				557F619B232CF9F300B5ED8C /* Base */,
			);
			name = "Launch Screen.storyboard";
			sourceTree = "<group>";
		};
/* End PBXVariantGroup section */

/* Begin XCBuildConfiguration section */
		557F6184232CF8C600B5ED8C /* Debug */ = {
			isa = XCBuildConfiguration;
			buildSettings = {
				ALWAYS_SEARCH_USER_PATHS = NO;
				CLANG_ANALYZER_NONNULL = YES;
				CLANG_ANALYZER_NUMBER_OBJECT_CONVERSION = YES_AGGRESSIVE;
				CLANG_CXX_LANGUAGE_STANDARD = "gnu++14";
				CLANG_CXX_LIBRARY = "libc++";
				CLANG_ENABLE_MODULES = YES;
				CLANG_ENABLE_OBJC_ARC = YES;
				CLANG_ENABLE_OBJC_WEAK = YES;
				CLANG_WARN_BLOCK_CAPTURE_AUTORELEASING = YES;
				CLANG_WARN_BOOL_CONVERSION = YES;
				CLANG_WARN_COMMA = YES;
				CLANG_WARN_CONSTANT_CONVERSION = YES;
				CLANG_WARN_DEPRECATED_OBJC_IMPLEMENTATIONS = YES;
				CLANG_WARN_DIRECT_OBJC_ISA_USAGE = YES_ERROR;
				CLANG_WARN_DOCUMENTATION_COMMENTS = YES;
				CLANG_WARN_EMPTY_BODY = YES;
				CLANG_WARN_ENUM_CONVERSION = YES;
				CLANG_WARN_INFINITE_RECURSION = YES;
				CLANG_WARN_INT_CONVERSION = YES;
				CLANG_WARN_NON_LITERAL_NULL_CONVERSION = YES;
				CLANG_WARN_OBJC_IMPLICIT_RETAIN_SELF = YES;
				CLANG_WARN_OBJC_LITERAL_CONVERSION = YES;
				CLANG_WARN_OBJC_ROOT_CLASS = YES_ERROR;
				CLANG_WARN_RANGE_LOOP_ANALYSIS = YES;
				CLANG_WARN_STRICT_PROTOTYPES = YES;
				CLANG_WARN_SUSPICIOUS_MOVE = YES;
				CLANG_WARN_UNGUARDED_AVAILABILITY = YES_AGGRESSIVE;
				CLANG_WARN_UNREACHABLE_CODE = YES;
				CLANG_WARN__DUPLICATE_METHOD_MATCH = YES;
				CODE_SIGN_IDENTITY = "iPhone Developer";
				COPY_PHASE_STRIP = NO;
				DEBUG_INFORMATION_FORMAT = dwarf;
				ENABLE_STRICT_OBJC_MSGSEND = YES;
				ENABLE_TESTABILITY = YES;
				GCC_C_LANGUAGE_STANDARD = gnu11;
				GCC_DYNAMIC_NO_PIC = NO;
				GCC_NO_COMMON_BLOCKS = YES;
				GCC_OPTIMIZATION_LEVEL = 0;
				GCC_PREPROCESSOR_DEFINITIONS = (
					"DEBUG=1",
					"$(inherited)",
				);
				GCC_WARN_64_TO_32_BIT_CONVERSION = YES;
				GCC_WARN_ABOUT_RETURN_TYPE = YES_ERROR;
				GCC_WARN_UNDECLARED_SELECTOR = YES;
				GCC_WARN_UNINITIALIZED_AUTOS = YES_AGGRESSIVE;
				GCC_WARN_UNUSED_FUNCTION = YES;
				GCC_WARN_UNUSED_VARIABLE = YES;
				IPHONEOS_DEPLOYMENT_TARGET = 12.4;
				MTL_ENABLE_DEBUG_INFO = INCLUDE_SOURCE;
				MTL_FAST_MATH = YES;
				ONLY_ACTIVE_ARCH = YES;
				SDKROOT = iphoneos;
				SWIFT_ACTIVE_COMPILATION_CONDITIONS = DEBUG;
				SWIFT_OPTIMIZATION_LEVEL = "-Onone";
			};
			name = Debug;
		};
		557F6185232CF8C600B5ED8C /* Release */ = {
			isa = XCBuildConfiguration;
			buildSettings = {
				ALWAYS_SEARCH_USER_PATHS = NO;
				CLANG_ANALYZER_NONNULL = YES;
				CLANG_ANALYZER_NUMBER_OBJECT_CONVERSION = YES_AGGRESSIVE;
				CLANG_CXX_LANGUAGE_STANDARD = "gnu++14";
				CLANG_CXX_LIBRARY = "libc++";
				CLANG_ENABLE_MODULES = YES;
				CLANG_ENABLE_OBJC_ARC = YES;
				CLANG_ENABLE_OBJC_WEAK = YES;
				CLANG_WARN_BLOCK_CAPTURE_AUTORELEASING = YES;
				CLANG_WARN_BOOL_CONVERSION = YES;
				CLANG_WARN_COMMA = YES;
				CLANG_WARN_CONSTANT_CONVERSION = YES;
				CLANG_WARN_DEPRECATED_OBJC_IMPLEMENTATIONS = YES;
				CLANG_WARN_DIRECT_OBJC_ISA_USAGE = YES_ERROR;
				CLANG_WARN_DOCUMENTATION_COMMENTS = YES;
				CLANG_WARN_EMPTY_BODY = YES;
				CLANG_WARN_ENUM_CONVERSION = YES;
				CLANG_WARN_INFINITE_RECURSION = YES;
				CLANG_WARN_INT_CONVERSION = YES;
				CLANG_WARN_NON_LITERAL_NULL_CONVERSION = YES;
				CLANG_WARN_OBJC_IMPLICIT_RETAIN_SELF = YES;
				CLANG_WARN_OBJC_LITERAL_CONVERSION = YES;
				CLANG_WARN_OBJC_ROOT_CLASS = YES_ERROR;
				CLANG_WARN_RANGE_LOOP_ANALYSIS = YES;
				CLANG_WARN_STRICT_PROTOTYPES = YES;
				CLANG_WARN_SUSPICIOUS_MOVE = YES;
				CLANG_WARN_UNGUARDED_AVAILABILITY = YES_AGGRESSIVE;
				CLANG_WARN_UNREACHABLE_CODE = YES;
				CLANG_WARN__DUPLICATE_METHOD_MATCH = YES;
				CODE_SIGN_IDENTITY = "iPhone Developer";
				COPY_PHASE_STRIP = NO;
				DEBUG_INFORMATION_FORMAT = "dwarf-with-dsym";
				ENABLE_NS_ASSERTIONS = NO;
				ENABLE_STRICT_OBJC_MSGSEND = YES;
				GCC_C_LANGUAGE_STANDARD = gnu11;
				GCC_NO_COMMON_BLOCKS = YES;
				GCC_WARN_64_TO_32_BIT_CONVERSION = YES;
				GCC_WARN_ABOUT_RETURN_TYPE = YES_ERROR;
				GCC_WARN_UNDECLARED_SELECTOR = YES;
				GCC_WARN_UNINITIALIZED_AUTOS = YES_AGGRESSIVE;
				GCC_WARN_UNUSED_FUNCTION = YES;
				GCC_WARN_UNUSED_VARIABLE = YES;
				IPHONEOS_DEPLOYMENT_TARGET = 12.4;
				MTL_ENABLE_DEBUG_INFO = NO;
				MTL_FAST_MATH = YES;
				SDKROOT = iphoneos;
				SWIFT_COMPILATION_MODE = wholemodule;
				SWIFT_OPTIMIZATION_LEVEL = "-O";
				VALIDATE_PRODUCT = YES;
			};
			name = Release;
		};
		557F6187232CF8C600B5ED8C /* Debug */ = {
			isa = XCBuildConfiguration;
			baseConfigurationReference = F0AE37F11536D8E78B654D30 /* Pods-DrawLine.debug.xcconfig */;
			buildSettings = {
				ASSETCATALOG_COMPILER_APPICON_NAME = AppIcon;
				CODE_SIGN_STYLE = Automatic;
				DEVELOPMENT_TEAM = RUTCP6369G;
				INFOPLIST_FILE = DrawLine/Info.plist;
				IPHONEOS_DEPLOYMENT_TARGET = 11.0;
				LD_RUNPATH_SEARCH_PATHS = (
					"$(inherited)",
					"@executable_path/Frameworks",
				);
				PRODUCT_BUNDLE_IDENTIFIER = com.redbytes.DrawLinesDemo;
				PRODUCT_NAME = "$(TARGET_NAME)";
				SWIFT_VERSION = 5.0;
				TARGETED_DEVICE_FAMILY = "1,2";
			};
			name = Debug;
		};
		557F6188232CF8C600B5ED8C /* Release */ = {
			isa = XCBuildConfiguration;
			baseConfigurationReference = B988D51A33153514430EC86C /* Pods-DrawLine.release.xcconfig */;
			buildSettings = {
				ASSETCATALOG_COMPILER_APPICON_NAME = AppIcon;
				CODE_SIGN_STYLE = Automatic;
				DEVELOPMENT_TEAM = RUTCP6369G;
				INFOPLIST_FILE = DrawLine/Info.plist;
				IPHONEOS_DEPLOYMENT_TARGET = 11.0;
				LD_RUNPATH_SEARCH_PATHS = (
					"$(inherited)",
					"@executable_path/Frameworks",
				);
				PRODUCT_BUNDLE_IDENTIFIER = com.redbytes.DrawLinesDemo;
				PRODUCT_NAME = "$(TARGET_NAME)";
				SWIFT_VERSION = 5.0;
				TARGETED_DEVICE_FAMILY = "1,2";
			};
			name = Release;
		};
/* End XCBuildConfiguration section */

/* Begin XCConfigurationList section */
		557F616F232CF8C400B5ED8C /* Build configuration list for PBXProject "DrawLine" */ = {
			isa = XCConfigurationList;
			buildConfigurations = (
				557F6184232CF8C600B5ED8C /* Debug */,
				557F6185232CF8C600B5ED8C /* Release */,
			);
			defaultConfigurationIsVisible = 0;
			defaultConfigurationName = Release;
		};
		557F6186232CF8C600B5ED8C /* Build configuration list for PBXNativeTarget "DrawLine" */ = {
			isa = XCConfigurationList;
			buildConfigurations = (
				557F6187232CF8C600B5ED8C /* Debug */,
				557F6188232CF8C600B5ED8C /* Release */,
			);
			defaultConfigurationIsVisible = 0;
			defaultConfigurationName = Release;
		};
/* End XCConfigurationList section */
	};
	rootObject = 557F616C232CF8C400B5ED8C /* Project object */;
}
